// !$*UTF8*$!
{
	archiveVersion = 1;
	classes = {
	};
	objectVersion = 56;
	objects = {

/* Begin PBXBuildFile section */
		E01C6CCB2A5D240A004E6711 /* TaskRow.swift in Sources */ = {isa = PBXBuildFile; fileRef = E01C6CCA2A5D240A004E6711 /* TaskRow.swift */; };
		E0B693322A5C4F9E00CB0608 /* CheckboxToggleStyle.swift in Sources */ = {isa = PBXBuildFile; fileRef = E0B693312A5C4F9E00CB0608 /* CheckboxToggleStyle.swift */; };
		E0F6BE962A58244E00E41CB9 /* Todo_AppApp.swift in Sources */ = {isa = PBXBuildFile; fileRef = E0F6BE952A58244E00E41CB9 /* Todo_AppApp.swift */; };
		E0F6BE982A58244E00E41CB9 /* ContentView.swift in Sources */ = {isa = PBXBuildFile; fileRef = E0F6BE972A58244E00E41CB9 /* ContentView.swift */; };
		E0F6BE9A2A58245100E41CB9 /* Assets.xcassets in Resources */ = {isa = PBXBuildFile; fileRef = E0F6BE992A58245100E41CB9 /* Assets.xcassets */; };
		E0F6BE9D2A58245100E41CB9 /* Preview Assets.xcassets in Resources */ = {isa = PBXBuildFile; fileRef = E0F6BE9C2A58245100E41CB9 /* Preview Assets.xcassets */; };
		E0F6BE9F2A58245100E41CB9 /* Task.swift in Sources */ = {isa = PBXBuildFile; fileRef = E0F6BE9E2A58245100E41CB9 /* Task.swift */; };
		E0F6BEA62A58288E00E41CB9 /* AddTaskView.swift in Sources */ = {isa = PBXBuildFile; fileRef = E0F6BEA52A58288E00E41CB9 /* AddTaskView.swift */; };
		E0F6BEA82A58325400E41CB9 /* MigrationPlan.swift in Sources */ = {isa = PBXBuildFile; fileRef = E0F6BEA72A58325400E41CB9 /* MigrationPlan.swift */; };
/* End PBXBuildFile section */

/* Begin PBXFileReference section */
		E01C6CCA2A5D240A004E6711 /* TaskRow.swift */ = {isa = PBXFileReference; lastKnownFileType = sourcecode.swift; path = TaskRow.swift; sourceTree = "<group>"; };
		E05371612A5E91DA001C18C5 /* Todo-App.entitlements */ = {isa = PBXFileReference; lastKnownFileType = text.plist.entitlements; path = "Todo-App.entitlements"; sourceTree = "<group>"; };
		E05371622A5E9735001C18C5 /* Info.plist */ = {isa = PBXFileReference; lastKnownFileType = text.plist; path = Info.plist; sourceTree = "<group>"; };
		E0B693312A5C4F9E00CB0608 /* CheckboxToggleStyle.swift */ = {isa = PBXFileReference; lastKnownFileType = sourcecode.swift; path = CheckboxToggleStyle.swift; sourceTree = "<group>"; };
		E0F6BE922A58244E00E41CB9 /* Todo-App.app */ = {isa = PBXFileReference; explicitFileType = wrapper.application; includeInIndex = 0; path = "Todo-App.app"; sourceTree = BUILT_PRODUCTS_DIR; };
		E0F6BE952A58244E00E41CB9 /* Todo_AppApp.swift */ = {isa = PBXFileReference; lastKnownFileType = sourcecode.swift; path = Todo_AppApp.swift; sourceTree = "<group>"; };
		E0F6BE972A58244E00E41CB9 /* ContentView.swift */ = {isa = PBXFileReference; lastKnownFileType = sourcecode.swift; path = ContentView.swift; sourceTree = "<group>"; };
		E0F6BE992A58245100E41CB9 /* Assets.xcassets */ = {isa = PBXFileReference; lastKnownFileType = folder.assetcatalog; path = Assets.xcassets; sourceTree = "<group>"; };
		E0F6BE9C2A58245100E41CB9 /* Preview Assets.xcassets */ = {isa = PBXFileReference; lastKnownFileType = folder.assetcatalog; path = "Preview Assets.xcassets"; sourceTree = "<group>"; };
		E0F6BE9E2A58245100E41CB9 /* Task.swift */ = {isa = PBXFileReference; lastKnownFileType = sourcecode.swift; path = Task.swift; sourceTree = "<group>"; };
		E0F6BEA52A58288E00E41CB9 /* AddTaskView.swift */ = {isa = PBXFileReference; lastKnownFileType = sourcecode.swift; path = AddTaskView.swift; sourceTree = "<group>"; };
		E0F6BEA72A58325400E41CB9 /* MigrationPlan.swift */ = {isa = PBXFileReference; lastKnownFileType = sourcecode.swift; path = MigrationPlan.swift; sourceTree = "<group>"; };
/* End PBXFileReference section */

/* Begin PBXFrameworksBuildPhase section */
		E0F6BE8F2A58244E00E41CB9 /* Frameworks */ = {
			isa = PBXFrameworksBuildPhase;
			buildActionMask = 2147483647;
			files = (
			);
			runOnlyForDeploymentPostprocessing = 0;
		};
/* End PBXFrameworksBuildPhase section */

/* Begin PBXGroup section */
		E0B6932D2A5C4F2700CB0608 /* View */ = {
			isa = PBXGroup;
			children = (
				E0F6BE972A58244E00E41CB9 /* ContentView.swift */,
				E01C6CCA2A5D240A004E6711 /* TaskRow.swift */,
				E0F6BEA52A58288E00E41CB9 /* AddTaskView.swift */,
				E0B693312A5C4F9E00CB0608 /* CheckboxToggleStyle.swift */,
			);
			path = View;
			sourceTree = "<group>";
		};
		E0B6932E2A5C4F4B00CB0608 /* Model */ = {
			isa = PBXGroup;
			children = (
				E0F6BE9E2A58245100E41CB9 /* Task.swift */,
				E0F6BEA72A58325400E41CB9 /* MigrationPlan.swift */,
			);
			path = Model;
			sourceTree = "<group>";
		};
		E0F6BE892A58244E00E41CB9 = {
			isa = PBXGroup;
			children = (
				E0F6BE942A58244E00E41CB9 /* Todo-App */,
				E0F6BE932A58244E00E41CB9 /* Products */,
			);
			sourceTree = "<group>";
		};
		E0F6BE932A58244E00E41CB9 /* Products */ = {
			isa = PBXGroup;
			children = (
				E0F6BE922A58244E00E41CB9 /* Todo-App.app */,
			);
			name = Products;
			sourceTree = "<group>";
		};
		E0F6BE942A58244E00E41CB9 /* Todo-App */ = {
			isa = PBXGroup;
			children = (
				E05371622A5E9735001C18C5 /* Info.plist */,
				E05371612A5E91DA001C18C5 /* Todo-App.entitlements */,
				E0B6932D2A5C4F2700CB0608 /* View */,
				E0B6932E2A5C4F4B00CB0608 /* Model */,
				E0F6BE952A58244E00E41CB9 /* Todo_AppApp.swift */,
				E0F6BE992A58245100E41CB9 /* Assets.xcassets */,
				E0F6BE9B2A58245100E41CB9 /* Preview Content */,
			);
			path = "Todo-App";
			sourceTree = "<group>";
		};
		E0F6BE9B2A58245100E41CB9 /* Preview Content */ = {
			isa = PBXGroup;
			children = (
				E0F6BE9C2A58245100E41CB9 /* Preview Assets.xcassets */,
			);
			path = "Preview Content";
			sourceTree = "<group>";
		};
/* End PBXGroup section */

/* Begin PBXNativeTarget section */
		E0F6BE912A58244E00E41CB9 /* Todo-App */ = {
			isa = PBXNativeTarget;
			buildConfigurationList = E0F6BEA22A58245100E41CB9 /* Build configuration list for PBXNativeTarget "Todo-App" */;
			buildPhases = (
				E0F6BE8E2A58244E00E41CB9 /* Sources */,
				E0F6BE8F2A58244E00E41CB9 /* Frameworks */,
				E0F6BE902A58244E00E41CB9 /* Resources */,
			);
			buildRules = (
			);
			dependencies = (
			);
			name = "Todo-App";
			productName = "Todo-App";
			productReference = E0F6BE922A58244E00E41CB9 /* Todo-App.app */;
			productType = "com.apple.product-type.application";
		};
/* End PBXNativeTarget section */

/* Begin PBXProject section */
		E0F6BE8A2A58244E00E41CB9 /* Project object */ = {
			isa = PBXProject;
			attributes = {
				BuildIndependentTargetsInParallel = 1;
				LastSwiftUpdateCheck = 1500;
				LastUpgradeCheck = 1500;
				TargetAttributes = {
					E0F6BE912A58244E00E41CB9 = {
						CreatedOnToolsVersion = 15.0;
					};
				};
			};
			buildConfigurationList = E0F6BE8D2A58244E00E41CB9 /* Build configuration list for PBXProject "Todo-App" */;
			compatibilityVersion = "Xcode 14.0";
			developmentRegion = en;
			hasScannedForEncodings = 0;
			knownRegions = (
				en,
				Base,
			);
			mainGroup = E0F6BE892A58244E00E41CB9;
			productRefGroup = E0F6BE932A58244E00E41CB9 /* Products */;
			projectDirPath = "";
			projectRoot = "";
			targets = (
				E0F6BE912A58244E00E41CB9 /* Todo-App */,
			);
		};
/* End PBXProject section */

/* Begin PBXResourcesBuildPhase section */
		E0F6BE902A58244E00E41CB9 /* Resources */ = {
			isa = PBXResourcesBuildPhase;
			buildActionMask = 2147483647;
			files = (
				E0F6BE9D2A58245100E41CB9 /* Preview Assets.xcassets in Resources */,
				E0F6BE9A2A58245100E41CB9 /* Assets.xcassets in Resources */,
			);
			runOnlyForDeploymentPostprocessing = 0;
		};
/* End PBXResourcesBuildPhase section */

/* Begin PBXSourcesBuildPhase section */
		E0F6BE8E2A58244E00E41CB9 /* Sources */ = {
			isa = PBXSourcesBuildPhase;
			buildActionMask = 2147483647;
			files = (
				E01C6CCB2A5D240A004E6711 /* TaskRow.swift in Sources */,
				E0F6BE982A58244E00E41CB9 /* ContentView.swift in Sources */,
				E0F6BE9F2A58245100E41CB9 /* Task.swift in Sources */,
				E0F6BEA82A58325400E41CB9 /* MigrationPlan.swift in Sources */,
				E0B693322A5C4F9E00CB0608 /* CheckboxToggleStyle.swift in Sources */,
				E0F6BEA62A58288E00E41CB9 /* AddTaskView.swift in Sources */,
				E0F6BE962A58244E00E41CB9 /* Todo_AppApp.swift in Sources */,
			);
			runOnlyForDeploymentPostprocessing = 0;
		};
/* End PBXSourcesBuildPhase section */

/* Begin XCBuildConfiguration section */
		E0F6BEA02A58245100E41CB9 /* Debug */ = {
			isa = XCBuildConfiguration;
			buildSettings = {
				ALWAYS_SEARCH_USER_PATHS = NO;
				ASSETCATALOG_COMPILER_GENERATE_SWIFT_ASSET_SYMBOL_EXTENSIONS = YES;
				CLANG_ANALYZER_NONNULL = YES;
				CLANG_ANALYZER_NUMBER_OBJECT_CONVERSION = YES_AGGRESSIVE;
				CLANG_CXX_LANGUAGE_STANDARD = "gnu++20";
				CLANG_ENABLE_MODULES = YES;
				CLANG_ENABLE_OBJC_ARC = YES;
				CLANG_ENABLE_OBJC_WEAK = YES;
				CLANG_WARN_BLOCK_CAPTURE_AUTORELEASING = YES;
				CLANG_WARN_BOOL_CONVERSION = YES;
				CLANG_WARN_COMMA = YES;
				CLANG_WARN_CONSTANT_CONVERSION = YES;
				CLANG_WARN_DEPRECATED_OBJC_IMPLEMENTATIONS = YES;
				CLANG_WARN_DIRECT_OBJC_ISA_USAGE = YES_ERROR;
				CLANG_WARN_DOCUMENTATION_COMMENTS = YES;
				CLANG_WARN_EMPTY_BODY = YES;
				CLANG_WARN_ENUM_CONVERSION = YES;
				CLANG_WARN_INFINITE_RECURSION = YES;
				CLANG_WARN_INT_CONVERSION = YES;
				CLANG_WARN_NON_LITERAL_NULL_CONVERSION = YES;
				CLANG_WARN_OBJC_IMPLICIT_RETAIN_SELF = YES;
				CLANG_WARN_OBJC_LITERAL_CONVERSION = YES;
				CLANG_WARN_OBJC_ROOT_CLASS = YES_ERROR;
				CLANG_WARN_QUOTED_INCLUDE_IN_FRAMEWORK_HEADER = YES;
				CLANG_WARN_RANGE_LOOP_ANALYSIS = YES;
				CLANG_WARN_STRICT_PROTOTYPES = YES;
				CLANG_WARN_SUSPICIOUS_MOVE = YES;
				CLANG_WARN_UNGUARDED_AVAILABILITY = YES_AGGRESSIVE;
				CLANG_WARN_UNREACHABLE_CODE = YES;
				CLANG_WARN__DUPLICATE_METHOD_MATCH = YES;
				COPY_PHASE_STRIP = NO;
				DEBUG_INFORMATION_FORMAT = dwarf;
				ENABLE_STRICT_OBJC_MSGSEND = YES;
				ENABLE_TESTABILITY = YES;
				ENABLE_USER_SCRIPT_SANDBOXING = YES;
				GCC_C_LANGUAGE_STANDARD = gnu17;
				GCC_DYNAMIC_NO_PIC = NO;
				GCC_NO_COMMON_BLOCKS = YES;
				GCC_OPTIMIZATION_LEVEL = 0;
				GCC_PREPROCESSOR_DEFINITIONS = (
					"DEBUG=1",
					"$(inherited)",
				);
				GCC_WARN_64_TO_32_BIT_CONVERSION = YES;
				GCC_WARN_ABOUT_RETURN_TYPE = YES_ERROR;
				GCC_WARN_UNDECLARED_SELECTOR = YES;
				GCC_WARN_UNINITIALIZED_AUTOS = YES_AGGRESSIVE;
				GCC_WARN_UNUSED_FUNCTION = YES;
				GCC_WARN_UNUSED_VARIABLE = YES;
				IPHONEOS_DEPLOYMENT_TARGET = 17.0;
				LOCALIZATION_PREFERS_STRING_CATALOGS = YES;
				MTL_ENABLE_DEBUG_INFO = INCLUDE_SOURCE;
				MTL_FAST_MATH = YES;
				ONLY_ACTIVE_ARCH = YES;
				SDKROOT = iphoneos;
				SWIFT_ACTIVE_COMPILATION_CONDITIONS = "DEBUG $(inherited)";
				SWIFT_OPTIMIZATION_LEVEL = "-Onone";
			};
			name = Debug;
		};
		E0F6BEA12A58245100E41CB9 /* Release */ = {
			isa = XCBuildConfiguration;
			buildSettings = {
				ALWAYS_SEARCH_USER_PATHS = NO;
				ASSETCATALOG_COMPILER_GENERATE_SWIFT_ASSET_SYMBOL_EXTENSIONS = YES;
				CLANG_ANALYZER_NONNULL = YES;
				CLANG_ANALYZER_NUMBER_OBJECT_CONVERSION = YES_AGGRESSIVE;
				CLANG_CXX_LANGUAGE_STANDARD = "gnu++20";
				CLANG_ENABLE_MODULES = YES;
				CLANG_ENABLE_OBJC_ARC = YES;
				CLANG_ENABLE_OBJC_WEAK = YES;
				CLANG_WARN_BLOCK_CAPTURE_AUTORELEASING = YES;
				CLANG_WARN_BOOL_CONVERSION = YES;
				CLANG_WARN_COMMA = YES;
				CLANG_WARN_CONSTANT_CONVERSION = YES;
				CLANG_WARN_DEPRECATED_OBJC_IMPLEMENTATIONS = YES;
				CLANG_WARN_DIRECT_OBJC_ISA_USAGE = YES_ERROR;
				CLANG_WARN_DOCUMENTATION_COMMENTS = YES;
				CLANG_WARN_EMPTY_BODY = YES;
				CLANG_WARN_ENUM_CONVERSION = YES;
				CLANG_WARN_INFINITE_RECURSION = YES;
				CLANG_WARN_INT_CONVERSION = YES;
				CLANG_WARN_NON_LITERAL_NULL_CONVERSION = YES;
				CLANG_WARN_OBJC_IMPLICIT_RETAIN_SELF = YES;
				CLANG_WARN_OBJC_LITERAL_CONVERSION = YES;
				CLANG_WARN_OBJC_ROOT_CLASS = YES_ERROR;
				CLANG_WARN_QUOTED_INCLUDE_IN_FRAMEWORK_HEADER = YES;
				CLANG_WARN_RANGE_LOOP_ANALYSIS = YES;
				CLANG_WARN_STRICT_PROTOTYPES = YES;
				CLANG_WARN_SUSPICIOUS_MOVE = YES;
				CLANG_WARN_UNGUARDED_AVAILABILITY = YES_AGGRESSIVE;
				CLANG_WARN_UNREACHABLE_CODE = YES;
				CLANG_WARN__DUPLICATE_METHOD_MATCH = YES;
				COPY_PHASE_STRIP = NO;
				DEBUG_INFORMATION_FORMAT = "dwarf-with-dsym";
				ENABLE_NS_ASSERTIONS = NO;
				ENABLE_STRICT_OBJC_MSGSEND = YES;
				ENABLE_USER_SCRIPT_SANDBOXING = YES;
				GCC_C_LANGUAGE_STANDARD = gnu17;
				GCC_NO_COMMON_BLOCKS = YES;
				GCC_WARN_64_TO_32_BIT_CONVERSION = YES;
				GCC_WARN_ABOUT_RETURN_TYPE = YES_ERROR;
				GCC_WARN_UNDECLARED_SELECTOR = YES;
				GCC_WARN_UNINITIALIZED_AUTOS = YES_AGGRESSIVE;
				GCC_WARN_UNUSED_FUNCTION = YES;
				GCC_WARN_UNUSED_VARIABLE = YES;
				IPHONEOS_DEPLOYMENT_TARGET = 17.0;
				LOCALIZATION_PREFERS_STRING_CATALOGS = YES;
				MTL_ENABLE_DEBUG_INFO = NO;
				MTL_FAST_MATH = YES;
				SDKROOT = iphoneos;
				SWIFT_COMPILATION_MODE = wholemodule;
				VALIDATE_PRODUCT = YES;
			};
			name = Release;
		};
		E0F6BEA32A58245100E41CB9 /* Debug */ = {
			isa = XCBuildConfiguration;
			buildSettings = {
				ASSETCATALOG_COMPILER_APPICON_NAME = AppIcon;
				ASSETCATALOG_COMPILER_GLOBAL_ACCENT_COLOR_NAME = AccentColor;
				CODE_SIGN_ENTITLEMENTS = "Todo-App/Todo-App.entitlements";
				CODE_SIGN_IDENTITY = "Apple Development";
				CODE_SIGN_STYLE = Automatic;
				CURRENT_PROJECT_VERSION = 1;
				DEVELOPMENT_ASSET_PATHS = "\"Todo-App/Preview Content\"";
				DEVELOPMENT_TEAM = BTNP3SN84W;
				ENABLE_PREVIEWS = YES;
				GENERATE_INFOPLIST_FILE = YES;
				INFOPLIST_FILE = "Todo-App/Info.plist";
				INFOPLIST_KEY_UIApplicationSceneManifest_Generation = YES;
				INFOPLIST_KEY_UIApplicationSupportsIndirectInputEvents = YES;
				INFOPLIST_KEY_UILaunchScreen_Generation = YES;
				INFOPLIST_KEY_UISupportedInterfaceOrientations = UIInterfaceOrientationPortrait;
				INFOPLIST_KEY_UISupportedInterfaceOrientations_iPad = "UIInterfaceOrientationLandscapeLeft UIInterfaceOrientationLandscapeRight UIInterfaceOrientationPortrait UIInterfaceOrientationPortraitUpsideDown";
				LD_RUNPATH_SEARCH_PATHS = (
					"$(inherited)",
					"@executable_path/Frameworks",
				);
				MARKETING_VERSION = 1.0;
				PRODUCT_BUNDLE_IDENTIFIER = "com.macho.todo-app";
				PRODUCT_NAME = "$(TARGET_NAME)";
				PROVISIONING_PROFILE_SPECIFIER = "";
				SWIFT_EMIT_LOC_STRINGS = YES;
				SWIFT_VERSION = 5.0;
				TARGETED_DEVICE_FAMILY = "1,2";
			};
			name = Debug;
		};
		E0F6BEA42A58245100E41CB9 /* Release */ = {
			isa = XCBuildConfiguration;
			buildSettings = {
				ASSETCATALOG_COMPILER_APPICON_NAME = AppIcon;
				ASSETCATALOG_COMPILER_GLOBAL_ACCENT_COLOR_NAME = AccentColor;
				CODE_SIGN_ENTITLEMENTS = "Todo-App/Todo-App.entitlements";
				CODE_SIGN_IDENTITY = "Apple Development";
				CODE_SIGN_STYLE = Automatic;
				CURRENT_PROJECT_VERSION = 1;
				DEVELOPMENT_ASSET_PATHS = "\"Todo-App/Preview Content\"";
				DEVELOPMENT_TEAM = BTNP3SN84W;
				ENABLE_PREVIEWS = YES;
				GENERATE_INFOPLIST_FILE = YES;
				INFOPLIST_FILE = "Todo-App/Info.plist";
				INFOPLIST_KEY_UIApplicationSceneManifest_Generation = YES;
				INFOPLIST_KEY_UIApplicationSupportsIndirectInputEvents = YES;
				INFOPLIST_KEY_UILaunchScreen_Generation = YES;
				INFOPLIST_KEY_UISupportedInterfaceOrientations = UIInterfaceOrientationPortrait;
				INFOPLIST_KEY_UISupportedInterfaceOrientations_iPad = "UIInterfaceOrientationLandscapeLeft UIInterfaceOrientationLandscapeRight UIInterfaceOrientationPortrait UIInterfaceOrientationPortraitUpsideDown";
				LD_RUNPATH_SEARCH_PATHS = (
					"$(inherited)",
					"@executable_path/Frameworks",
				);
				MARKETING_VERSION = 1.0;
				PRODUCT_BUNDLE_IDENTIFIER = "com.macho.todo-app";
				PRODUCT_NAME = "$(TARGET_NAME)";
				PROVISIONING_PROFILE_SPECIFIER = "";
				SWIFT_EMIT_LOC_STRINGS = YES;
				SWIFT_VERSION = 5.0;
				TARGETED_DEVICE_FAMILY = "1,2";
			};
			name = Release;
		};
/* End XCBuildConfiguration section */

/* Begin XCConfigurationList section */
		E0F6BE8D2A58244E00E41CB9 /* Build configuration list for PBXProject "Todo-App" */ = {
			isa = XCConfigurationList;
			buildConfigurations = (
				E0F6BEA02A58245100E41CB9 /* Debug */,
				E0F6BEA12A58245100E41CB9 /* Release */,
			);
			defaultConfigurationIsVisible = 0;
			defaultConfigurationName = Release;
		};
		E0F6BEA22A58245100E41CB9 /* Build configuration list for PBXNativeTarget "Todo-App" */ = {
			isa = XCConfigurationList;
			buildConfigurations = (
				E0F6BEA32A58245100E41CB9 /* Debug */,
				E0F6BEA42A58245100E41CB9 /* Release */,
			);
			defaultConfigurationIsVisible = 0;
			defaultConfigurationName = Release;
		};
/* End XCConfigurationList section */
	};
	rootObject = E0F6BE8A2A58244E00E41CB9 /* Project object */;
}
